
Microsoft Visual Studio Solution File, Format Version 12.00
# Visual Studio 15
VisualStudioVersion = 15.0.28307.421
MinimumVisualStudioVersion = 10.0.40219.1
Project("{888888A0-9F3D-457C-B088-3A5042F75D52}") = "Historical-Hot-Take-Bot", "Historical-Hot-Take-Bot\Historical-Hot-Take-Bot.pyproj", "{B2CD605A-C6FA-4296-94DB-48CA00C2962B}"
EndProject
Global
	GlobalSection(SolutionConfigurationPlatforms) = preSolution
		Debug|Any CPU = Debug|Any CPU
		Release|Any CPU = Release|Any CPU
	EndGlobalSection
	GlobalSection(ProjectConfigurationPlatforms) = postSolution
		{B2CD605A-C6FA-4296-94DB-48CA00C2962B}.Debug|Any CPU.ActiveCfg = Debug|Any CPU
		{B2CD605A-C6FA-4296-94DB-48CA00C2962B}.Release|Any CPU.ActiveCfg = Release|Any CPU
	EndGlobalSection
	GlobalSection(SolutionProperties) = preSolution
		HideSolutionNode = FALSE
	EndGlobalSection
	GlobalSection(ExtensibilityGlobals) = postSolution
		SolutionGuid = {35F5D900-1095-43CB-B775-2A354705BF85}
	EndGlobalSection
EndGlobal
